{
  "originHash" : "d39a06077577a144fd4dc205fbd6d5a3731df86afbf02bee2ee8aaff7bf9956f",
  "pins" : [
    {
      "identity" : "flexiblekit",
      "kind" : "remoteSourceControl",
      "location" : "https://github.com/eunchan2815/FlexibleKit",
      "state" : {
        "revision" : "6717a8a6ccbf94ca689fb2fe1e7ff61c38b01438",
        "version" : "1.0.5"
      }
    },
    {
      "identity" : "opentds-swiftui",
      "kind" : "remoteSourceControl",
      "location" : "https://github.com/OpenToss/OpenTDS-SwiftUI",
      "state" : {
        "branch" : "main",
        "revision" : "d01eb94fc0e787241ed5bb0f1cec32ce0c449af3"
      }
    }
  ],
  "version" : 3
}
